{
  "version": 4,
  "terraform_version": "1.3.4",
  "serial": 151,
  "lineage": "cfab6003-ce95-dc9f-ebef-c9f433917b0b",
  "outputs": {
    "google_dns_record_set": {
      "value": "football.qreach.adamradvan.eu.",
      "type": "string"
    },
    "google_storage_bucket": {
      "value": "qrcode-tenantx-logo",
      "type": "string"
    },
    "kubernetes_namespace": {
      "value": "football",
      "type": "string"
    },
    "service_account": {
      "value": "iam-kube-account@qrcode-374515.iam.gserviceaccount.com",
      "type": "string"
    }
  },
  "resources": [
    {
      "mode": "data",
      "type": "google_client_config",
      "name": "default",
      "provider": "provider[\"registry.terraform.io/hashicorp/google\"]",
      "instances": [
        {
          "schema_version": 0,
          "attributes": {
            "access_token": "ya29.a0AVvZVsq6msorqyodS_p-r8V_f4GGIuvqeDpev4Oz8mOjHjXjDMFKXsuG3a9kxSu-Hes2TPmEBuh3eqLgPsDRbPN1UhqkCCCKTO9lzbxg_F6BweyIjjqu-D9j_7y3HYzylhmbtRFc7U2FSdVzHoJdng8tr5oOkL8faCgYKASoSAQASFQGbdwaIl4cL5b3ZiR3q9Wj-i9WLRA0167",
            "id": "projects/qrcode-374515/regions/europe-west3/zones/europe-west3-a",
            "project": "qrcode-374515",
            "region": "europe-west3",
            "zone": "europe-west3-a"
          },
          "sensitive_attributes": []
        }
      ]
    },
    {
      "mode": "data",
      "type": "google_container_cluster",
      "name": "default",
      "provider": "provider[\"registry.terraform.io/hashicorp/google\"]",
      "instances": [
        {
          "schema_version": 0,
          "attributes": {
            "addons_config": [
              {
                "cloudrun_config": [],
                "dns_cache_config": [],
                "gce_persistent_disk_csi_driver_config": [
                  {
                    "enabled": true
                  }
                ],
                "gcp_filestore_csi_driver_config": [],
                "gke_backup_agent_config": [],
                "horizontal_pod_autoscaling": [],
                "http_load_balancing": [],
                "network_policy_config": [
                  {
                    "disabled": true
                  }
                ]
              }
            ],
            "authenticator_groups_config": [],
            "binary_authorization": [],
            "cluster_autoscaling": [
              {
                "auto_provisioning_defaults": [],
                "enabled": false,
                "resource_limits": []
              }
            ],
            "cluster_ipv4_cidr": "10.24.0.0/14",
            "confidential_nodes": [],
            "cost_management_config": [],
            "database_encryption": [
              {
                "key_name": "",
                "state": "DECRYPTED"
              }
            ],
            "datapath_provider": "",
            "default_max_pods_per_node": 110,
            "default_snat_status": [],
            "description": "",
            "dns_config": [],
            "enable_autopilot": null,
            "enable_binary_authorization": false,
            "enable_intranode_visibility": false,
            "enable_kubernetes_alpha": false,
            "enable_l4_ilb_subsetting": false,
            "enable_legacy_abac": false,
            "enable_shielded_nodes": true,
            "enable_tpu": false,
            "endpoint": "35.198.102.32",
            "gateway_api_config": [],
            "id": "projects/qrcode-374515/locations/europe-west3-a/clusters/qr-code-app-dev1",
            "initial_node_count": 0,
            "ip_allocation_policy": [
              {
                "cluster_ipv4_cidr_block": "10.24.0.0/14",
                "cluster_secondary_range_name": "gke-qr-code-app-dev1-pods-251682f4",
                "services_ipv4_cidr_block": "10.28.0.0/20",
                "services_secondary_range_name": "gke-qr-code-app-dev1-services-251682f4"
              }
            ],
            "label_fingerprint": "a9dc16a7",
            "location": "europe-west3-a",
            "logging_config": [
              {
                "enable_components": [
                  "SYSTEM_COMPONENTS",
                  "WORKLOADS"
                ]
              }
            ],
            "logging_service": "logging.googleapis.com/kubernetes",
            "maintenance_policy": [],
            "master_auth": [
              {
                "client_certificate": "",
                "client_certificate_config": [
                  {
                    "issue_client_certificate": false
                  }
                ],
                "client_key": "",
                "cluster_ca_certificate": "LS0tLS1CRUdJTiBDRVJUSUZJQ0FURS0tLS0tCk1JSUVMVENDQXBXZ0F3SUJBZ0lSQU5INkRtNjdGR1NZa3NRekUvTTBQSGd3RFFZSktvWklodmNOQVFFTEJRQXcKTHpFdE1Dc0dBMVVFQXhNa1ptTmpOMk14TkRBdFpXVTVPUzAwTkdFNExXSTBaVGt0TUdVM09EY3pNbU14TnpJdwpNQ0FYRFRJek1ERXlNREV3TkRRek5Wb1lEekl3TlRNd01URXlNVEUwTkRNMVdqQXZNUzB3S3dZRFZRUURFeVJtClkyTTNZekUwTUMxbFpUazVMVFEwWVRndFlqUmxPUzB3WlRjNE56TXlZekUzTWpBd2dnR2lNQTBHQ1NxR1NJYjMKRFFFQkFRVUFBNElCandBd2dnR0tBb0lCZ1FESlo4enF3c3hCMVhNVm1Bb1RZQkwzRHdyRXlzUEVqSllpNEdQVgp6c2twZlh5YXBRSWVFc0VVa3BiaTB5TldqUGFPRThxd051SXEzZms0L3FNdGxTTWRWMWVqS0FRa0dFZVF1R3kzCnRPeXFvREcvZXB1L2VYUnNyU0ZWYm96bHBpa3cwNCtUNFlTSTdQeURpNXZjLzhVRExtNjN0bUkvWnpTYWg5L0sKZXhIS0MyN0psUEY0RDg1VjJtNzZBWHNLMktnWlhuQXVwWmt2cmIxMEJTTTRUeTdVTjExU0tIeXZ6d3h4TjMzbwpNWmhxbUtMaXI5ZTlpMFZackhhdHQwYS9FZlJCWWo1TGVjdmxBVnZEaWJQTG1XcjZLRDVVSDJrRTBJYVBtUmJwClpoK1JBeDNhQ0J3L2ZtNFVpRjVubGFJVE0rZUdyV0MvbGJVTWIybkNYK0NWSExxNWNpM0JvSXVFK0xYM05vcVYKSktFWUovN3pLalUyM2NWTlZ6RGpwTmNMVTBRVi82dFQwNWVpR216K2tkVUdxSTF1cDlIUEl0RFlteVQvVTMyTworc29ZRjBZcjNFcytESFRGcHVDcXVtN2lCejZSM0Yydkp4cDRmYVA3Wld0RG5Bc2lhWGpabUx6S3NRMXdPbU5wCjBROWdJSlJXT3RGSUxYWklFTndWZGcwQWlYc0NBd0VBQWFOQ01FQXdEZ1lEVlIwUEFRSC9CQVFEQWdJRU1BOEcKQTFVZEV3RUIvd1FGTUFNQkFmOHdIUVlEVlIwT0JCWUVGSnVxYjJ5SHpuWEVtK3lkdUxqVkFOMGErU1pGTUEwRwpDU3FHU0liM0RRRUJDd1VBQTRJQmdRQU9tMnNlaWtXYzZWOUVBb2F2cG8ra2hHdll0ZTRYbUQ4Q2oxUUh3YUpRCmtGelhGNzNlem1xK1E5UkQxdFBkc3FZQ2JzQk1JdVVGaS9wTGhVaFVwZE1YQk5hSExDNTNMRUUrbnh5OWZNYksKSEVQV0ltQ2ErVERXTzg2UnU3d1kwT25FbTRiM0RmRWczbG9sUk5rOVlBdG92NWQ0QTgxWEVjenNnRGhCOGhjdQpBTUt4U1ZVZWd5VFFtMnB1c20xbTQxNXVDVXpwQVFoT0hiTGlzcDY3dHpNWVVFanhRUU1JT2ltb2hZWGtvY082CmZMVWNsUm1CSy9kbmUrZDhrbmpwUnREcldNZ2lyeXozdnJVSFFRblV1bzBzNHQ5YktSb2ZPY3RrbEFwK0piUmgKSEowdERvNGs2L1hFeDdRb1ZtSFErVDl1aVdIczFDM3dQaVRHQUx4S2xNNjJSTzR1TThlTC9naGhPM1JZaGdVcQorZ05Xd0ZTNVZYcHhzRGZjanZiSWl5aEs0Z3FSNlZrd3BrYzJheUw2RWIzVkJLUi81VE9MSHZjNTBFZkRNU3B6CnhxMnJsZGY2OTVwZVVUVmVPUFNKaTJuRndMOHprdUdqcXBiUkF6TW1ZMFplZ1lMbTJmczA1UzV6ZUtRN2RzUXMKQ0JuV3d5dHFKam80SUtrRzQ0cURIc2M9Ci0tLS0tRU5EIENFUlRJRklDQVRFLS0tLS0K"
              }
            ],
            "master_authorized_networks_config": [],
            "master_version": "1.24.7-gke.900",
            "mesh_certificates": [],
            "min_master_version": null,
            "monitoring_config": [
              {
                "enable_components": [
                  "SYSTEM_COMPONENTS"
                ],
                "managed_prometheus": []
              }
            ],
            "monitoring_service": "monitoring.googleapis.com/kubernetes",
            "name": "qr-code-app-dev1",
            "network": "projects/qrcode-374515/global/networks/default",
            "network_policy": [
              {
                "enabled": false,
                "provider": "PROVIDER_UNSPECIFIED"
              }
            ],
            "networking_mode": "VPC_NATIVE",
            "node_config": [
              {
                "boot_disk_kms_key": "",
                "disk_size_gb": 100,
                "disk_type": "pd-balanced",
                "gcfs_config": [],
                "guest_accelerator": [],
                "gvnic": [],
                "image_type": "COS_CONTAINERD",
                "labels": {},
                "local_ssd_count": 0,
                "logging_variant": "DEFAULT",
                "machine_type": "e2-medium",
                "metadata": {
                  "disable-legacy-endpoints": "true"
                },
                "min_cpu_platform": "",
                "node_group": "",
                "oauth_scopes": [
                  "https://www.googleapis.com/auth/devstorage.read_only",
                  "https://www.googleapis.com/auth/logging.write",
                  "https://www.googleapis.com/auth/monitoring",
                  "https://www.googleapis.com/auth/service.management.readonly",
                  "https://www.googleapis.com/auth/servicecontrol",
                  "https://www.googleapis.com/auth/trace.append"
                ],
                "preemptible": false,
                "reservation_affinity": [],
                "resource_labels": {},
                "service_account": "default",
                "shielded_instance_config": [
                  {
                    "enable_integrity_monitoring": true,
                    "enable_secure_boot": false
                  }
                ],
                "spot": false,
                "tags": [],
                "taint": [],
                "workload_metadata_config": []
              }
            ],
            "node_locations": [],
            "node_pool": [
              {
                "autoscaling": [
                  {
                    "location_policy": "BALANCED",
                    "max_node_count": 6,
                    "min_node_count": 5,
                    "total_max_node_count": 0,
                    "total_min_node_count": 0
                  }
                ],
                "initial_node_count": 5,
                "instance_group_urls": [
                  "https://www.googleapis.com/compute/v1/projects/qrcode-374515/zones/europe-west3-a/instanceGroupManagers/gke-qr-code-app-dev1-default-pool-a67bb5f5-grp"
                ],
                "managed_instance_group_urls": [
                  "https://www.googleapis.com/compute/v1/projects/qrcode-374515/zones/europe-west3-a/instanceGroups/gke-qr-code-app-dev1-default-pool-a67bb5f5-grp"
                ],
                "management": [
                  {
                    "auto_repair": true,
                    "auto_upgrade": true
                  }
                ],
                "max_pods_per_node": 110,
                "name": "default-pool",
                "name_prefix": "",
                "network_config": [
                  {
                    "create_pod_range": false,
                    "enable_private_nodes": false,
                    "pod_ipv4_cidr_block": "10.24.0.0/14",
                    "pod_range": "gke-qr-code-app-dev1-pods-251682f4"
                  }
                ],
                "node_config": [
                  {
                    "boot_disk_kms_key": "",
                    "disk_size_gb": 100,
                    "disk_type": "pd-balanced",
                    "gcfs_config": [],
                    "guest_accelerator": [],
                    "gvnic": [],
                    "image_type": "COS_CONTAINERD",
                    "labels": {},
                    "local_ssd_count": 0,
                    "logging_variant": "DEFAULT",
                    "machine_type": "e2-medium",
                    "metadata": {
                      "disable-legacy-endpoints": "true"
                    },
                    "min_cpu_platform": "",
                    "node_group": "",
                    "oauth_scopes": [
                      "https://www.googleapis.com/auth/devstorage.read_only",
                      "https://www.googleapis.com/auth/logging.write",
                      "https://www.googleapis.com/auth/monitoring",
                      "https://www.googleapis.com/auth/service.management.readonly",
                      "https://www.googleapis.com/auth/servicecontrol",
                      "https://www.googleapis.com/auth/trace.append"
                    ],
                    "preemptible": false,
                    "reservation_affinity": [],
                    "resource_labels": {},
                    "service_account": "default",
                    "shielded_instance_config": [
                      {
                        "enable_integrity_monitoring": true,
                        "enable_secure_boot": false
                      }
                    ],
                    "spot": false,
                    "tags": [],
                    "taint": [],
                    "workload_metadata_config": []
                  }
                ],
                "node_count": 5,
                "node_locations": [
                  "europe-west3-a"
                ],
                "upgrade_settings": [
                  {
                    "blue_green_settings": [],
                    "max_surge": 1,
                    "max_unavailable": 0,
                    "strategy": "SURGE"
                  }
                ],
                "version": "1.24.7-gke.900"
              }
            ],
            "node_pool_defaults": [
              {
                "node_config_defaults": [
                  {
                    "logging_variant": "DEFAULT"
                  }
                ]
              }
            ],
            "node_version": "1.24.7-gke.900",
            "notification_config": [
              {
                "pubsub": [
                  {
                    "enabled": false,
                    "filter": [],
                    "topic": ""
                  }
                ]
              }
            ],
            "operation": null,
            "private_cluster_config": [
              {
                "enable_private_endpoint": false,
                "enable_private_nodes": false,
                "master_global_access_config": [
                  {
                    "enabled": false
                  }
                ],
                "master_ipv4_cidr_block": "",
                "peering_name": "",
                "private_endpoint": "10.156.0.6",
                "private_endpoint_subnetwork": "",
                "public_endpoint": "35.198.102.32"
              }
            ],
            "private_ipv6_google_access": "",
            "project": "qrcode-374515",
            "release_channel": [
              {
                "channel": "UNSPECIFIED"
              }
            ],
            "remove_default_node_pool": null,
            "resource_labels": {},
            "resource_usage_export_config": [],
            "self_link": "https://container.googleapis.com/v1/projects/qrcode-374515/zones/europe-west3-a/clusters/qr-code-app-dev1",
            "service_external_ips_config": [
              {
                "enabled": false
              }
            ],
            "services_ipv4_cidr": "10.28.0.0/20",
            "subnetwork": "projects/qrcode-374515/regions/europe-west3/subnetworks/default",
            "tpu_ipv4_cidr_block": "",
            "vertical_pod_autoscaling": [],
            "workload_identity_config": []
          },
          "sensitive_attributes": []
        }
      ]
    },
    {
      "mode": "data",
      "type": "google_service_account_access_token",
      "name": "my_kubernetes_sa",
      "provider": "provider[\"registry.terraform.io/hashicorp/google\"]",
      "instances": [
        {
          "schema_version": 0,
          "attributes": {
            "access_token": "ya29.c.b0Aaekm1Krmq9jMnpSaOanWeHRCbIDS60FhC7Z3upqTypIgvm9ddHjPB-Uu3-dzYzNwaHEW71qhCCzv8D1JSX_ub5Nuj40sejOC0rXFq40Sly2DYu0U76WxpE-vHbQFraPLBWInVhgiQNfObIsRfEphth_xkZgEraLq-OC2_Zlg73Qg0_nQgO_6BEZ2sFsmBCwLDrEZCumzq5-Kbn1lNcESy4Bafnv8mYDQ3ACcu8L1fwjOq0mDw5_0PIc6v8lR2ZMT7e0oPoFPQ6e07aXMLkyDUNqYIbiP9xYzQBF9mOa-y8Xlxheujpje2T3sYU3S7s2ft1s-6-CoWoGhkBMwYHn5wV-f1VmRw6aCFpR6p0JUjstPGxHwbyba9XrbixOXlOcc3aTkGet92bvq_Q6syQrhCQGE27NDSXHlWCKO7-dhBCr9Fy0QJanxfnuLBCN3XqBQcX9SyxPBqGjk-q5q1TjtGdoQ1mTnhIiyxRcoZ6kHQkvK7UuENPkhQ.................................................................................................................................................................................................................................................................................................................................................................................................................................................................................................................................",
            "delegates": null,
            "id": "projects/-/serviceAccounts/terraform-service-account@qrcode-374515.iam.gserviceaccount.com",
            "lifetime": "3600s",
            "scopes": [
              "cloud-platform",
              "userinfo-email"
            ],
            "target_service_account": "terraform-service-account@qrcode-374515.iam.gserviceaccount.com"
          },
          "sensitive_attributes": []
        }
      ]
    },
    {
      "mode": "managed",
      "type": "google_dns_record_set",
      "name": "tenantx",
      "provider": "provider[\"registry.terraform.io/hashicorp/google\"]",
      "instances": [
        {
          "schema_version": 0,
          "attributes": {
            "id": "projects/qrcode-374515/managedZones/adamradvan/rrsets/football.qreach.adamradvan.eu./CNAME",
            "managed_zone": "adamradvan",
            "name": "football.qreach.adamradvan.eu.",
            "project": "qrcode-374515",
            "routing_policy": [],
            "rrdatas": [
              "tenant1.qreach.adamradvan.eu."
            ],
            "ttl": 300,
            "type": "CNAME"
          },
          "sensitive_attributes": [],
          "private": "bnVsbA=="
        }
      ]
    },
    {
      "mode": "managed",
      "type": "google_storage_bucket",
      "name": "static-site",
      "provider": "provider[\"registry.terraform.io/hashicorp/google\"]",
      "instances": [
        {
          "schema_version": 0,
          "attributes": {
            "autoclass": [],
            "cors": [],
            "custom_placement_config": [],
            "default_event_based_hold": false,
            "encryption": [],
            "force_destroy": true,
            "id": "qrcode-tenantx-logo",
            "labels": {},
            "lifecycle_rule": [],
            "location": "EUROPE-WEST3",
            "logging": [],
            "name": "qrcode-tenantx-logo",
            "project": "qrcode-374515",
            "public_access_prevention": "inherited",
            "requester_pays": false,
            "retention_policy": [],
            "self_link": "https://www.googleapis.com/storage/v1/b/qrcode-tenantx-logo",
            "storage_class": "REGIONAL",
            "timeouts": null,
            "uniform_bucket_level_access": false,
            "url": "gs://qrcode-tenantx-logo",
            "versioning": [],
            "website": []
          },
          "sensitive_attributes": [],
          "private": "eyJlMmJmYjczMC1lY2FhLTExZTYtOGY4OC0zNDM2M2JjN2M0YzAiOnsiY3JlYXRlIjoyNDAwMDAwMDAwMDAsInJlYWQiOjI0MDAwMDAwMDAwMCwidXBkYXRlIjoyNDAwMDAwMDAwMDB9fQ=="
        }
      ]
    },
    {
      "mode": "managed",
      "type": "kubernetes_deployment",
      "name": "qrcode",
      "provider": "provider[\"registry.terraform.io/hashicorp/kubernetes\"]",
      "instances": [
        {
          "schema_version": 1,
          "attributes": {
            "id": "football/qr-deployment-football",
            "metadata": [
              {
                "annotations": {},
                "generate_name": "",
                "generation": 1,
                "labels": {
                  "app": "qrcode",
                  "maintained_by": "terraform",
                  "type": "qrcode-generator-football"
                },
                "name": "qr-deployment-football",
                "namespace": "football",
                "resource_version": "6581879",
                "uid": "d5cade02-9065-48bf-8d87-d00db41a7219"
              }
            ],
            "spec": [
              {
                "min_ready_seconds": 0,
                "paused": false,
                "progress_deadline_seconds": 600,
                "replicas": "1",
                "revision_history_limit": 10,
                "selector": [
                  {
                    "match_expressions": [],
                    "match_labels": {
                      "app": "qrcode",
                      "maintained_by": "terraform",
                      "type": "qrcode-generator-football"
                    }
                  }
                ],
                "strategy": [
                  {
                    "rolling_update": [
                      {
                        "max_surge": "25%",
                        "max_unavailable": "25%"
                      }
                    ],
                    "type": "RollingUpdate"
                  }
                ],
                "template": [
                  {
                    "metadata": [
                      {
                        "annotations": {},
                        "generate_name": "",
                        "generation": 0,
                        "labels": {
                          "app": "qrcode",
                          "maintained_by": "terraform",
                          "type": "qrcode-generator-football"
                        },
                        "name": "",
                        "namespace": "",
                        "resource_version": "",
                        "uid": ""
                      }
                    ],
                    "spec": [
                      {
                        "active_deadline_seconds": 0,
                        "affinity": [],
                        "automount_service_account_token": true,
                        "container": [
                          {
                            "args": [],
                            "command": [],
                            "env": [],
                            "env_from": [],
                            "image": "eu.gcr.io/qrcode-374515/qrcode-service",
                            "image_pull_policy": "Always",
                            "lifecycle": [],
                            "liveness_probe": [],
                            "name": "qrcode",
                            "port": [
                              {
                                "container_port": 8080,
                                "host_ip": "",
                                "host_port": 0,
                                "name": "",
                                "protocol": "TCP"
                              }
                            ],
                            "readiness_probe": [],
                            "resources": [
                              {
                                "limits": {},
                                "requests": {}
                              }
                            ],
                            "security_context": [],
                            "startup_probe": [],
                            "stdin": false,
                            "stdin_once": false,
                            "termination_message_path": "/dev/termination-log",
                            "termination_message_policy": "File",
                            "tty": false,
                            "volume_mount": [],
                            "working_dir": ""
                          }
                        ],
                        "dns_config": [],
                        "dns_policy": "ClusterFirst",
                        "enable_service_links": true,
                        "host_aliases": [],
                        "host_ipc": false,
                        "host_network": false,
                        "host_pid": false,
                        "hostname": "",
                        "image_pull_secrets": [],
                        "init_container": [],
                        "node_name": "",
                        "node_selector": {},
                        "priority_class_name": "",
                        "readiness_gate": [],
                        "restart_policy": "Always",
                        "runtime_class_name": "",
                        "security_context": [],
                        "service_account_name": "",
                        "share_process_namespace": false,
                        "subdomain": "",
                        "termination_grace_period_seconds": 30,
                        "toleration": [],
                        "topology_spread_constraint": [],
                        "volume": []
                      }
                    ]
                  }
                ]
              }
            ],
            "timeouts": null,
            "wait_for_rollout": true
          },
          "sensitive_attributes": [],
          "private": "eyJlMmJmYjczMC1lY2FhLTExZTYtOGY4OC0zNDM2M2JjN2M0YzAiOnsiY3JlYXRlIjo2MDAwMDAwMDAwMDAsImRlbGV0ZSI6NjAwMDAwMDAwMDAwLCJ1cGRhdGUiOjYwMDAwMDAwMDAwMH0sInNjaGVtYV92ZXJzaW9uIjoiMSJ9",
          "dependencies": [
            "data.google_client_config.default",
            "data.google_container_cluster.default"
          ]
        }
      ]
    },
    {
      "mode": "managed",
      "type": "kubernetes_deployment",
      "name": "qrhistory",
      "provider": "provider[\"registry.terraform.io/hashicorp/kubernetes\"]",
      "instances": [
        {
          "schema_version": 1,
          "attributes": {
            "id": "football/his-deployment-football",
            "metadata": [
              {
                "annotations": {},
                "generate_name": "",
                "generation": 1,
                "labels": {
                  "app": "qrhistory",
                  "maintained_by": "terraform",
                  "type": "qrcode-history-football"
                },
                "name": "his-deployment-football",
                "namespace": "football",
                "resource_version": "6581884",
                "uid": "9c1bb27a-ce7c-4952-906b-4cdcf93f3b9a"
              }
            ],
            "spec": [
              {
                "min_ready_seconds": 0,
                "paused": false,
                "progress_deadline_seconds": 600,
                "replicas": "1",
                "revision_history_limit": 10,
                "selector": [
                  {
                    "match_expressions": [],
                    "match_labels": {
                      "app": "qrhistory",
                      "maintained_by": "terraform",
                      "type": "qrcode-history-football"
                    }
                  }
                ],
                "strategy": [
                  {
                    "rolling_update": [
                      {
                        "max_surge": "25%",
                        "max_unavailable": "25%"
                      }
                    ],
                    "type": "RollingUpdate"
                  }
                ],
                "template": [
                  {
                    "metadata": [
                      {
                        "annotations": {},
                        "generate_name": "",
                        "generation": 0,
                        "labels": {
                          "app": "qrhistory",
                          "maintained_by": "terraform",
                          "type": "qrcode-history-football"
                        },
                        "name": "",
                        "namespace": "",
                        "resource_version": "",
                        "uid": ""
                      }
                    ],
                    "spec": [
                      {
                        "active_deadline_seconds": 0,
                        "affinity": [],
                        "automount_service_account_token": true,
                        "container": [
                          {
                            "args": [],
                            "command": [],
                            "env": [],
                            "env_from": [],
                            "image": "eu.gcr.io/qrcode-374515/history-service",
                            "image_pull_policy": "Always",
                            "lifecycle": [],
                            "liveness_probe": [],
                            "name": "qrhistory",
                            "port": [
                              {
                                "container_port": 8888,
                                "host_ip": "",
                                "host_port": 0,
                                "name": "",
                                "protocol": "TCP"
                              }
                            ],
                            "readiness_probe": [],
                            "resources": [
                              {
                                "limits": {},
                                "requests": {}
                              }
                            ],
                            "security_context": [],
                            "startup_probe": [],
                            "stdin": false,
                            "stdin_once": false,
                            "termination_message_path": "/dev/termination-log",
                            "termination_message_policy": "File",
                            "tty": false,
                            "volume_mount": [],
                            "working_dir": ""
                          }
                        ],
                        "dns_config": [],
                        "dns_policy": "ClusterFirst",
                        "enable_service_links": true,
                        "host_aliases": [],
                        "host_ipc": false,
                        "host_network": false,
                        "host_pid": false,
                        "hostname": "",
                        "image_pull_secrets": [],
                        "init_container": [],
                        "node_name": "",
                        "node_selector": {},
                        "priority_class_name": "",
                        "readiness_gate": [],
                        "restart_policy": "Always",
                        "runtime_class_name": "",
                        "security_context": [],
                        "service_account_name": "",
                        "share_process_namespace": false,
                        "subdomain": "",
                        "termination_grace_period_seconds": 30,
                        "toleration": [],
                        "topology_spread_constraint": [],
                        "volume": []
                      }
                    ]
                  }
                ]
              }
            ],
            "timeouts": null,
            "wait_for_rollout": true
          },
          "sensitive_attributes": [],
          "private": "eyJlMmJmYjczMC1lY2FhLTExZTYtOGY4OC0zNDM2M2JjN2M0YzAiOnsiY3JlYXRlIjo2MDAwMDAwMDAwMDAsImRlbGV0ZSI6NjAwMDAwMDAwMDAwLCJ1cGRhdGUiOjYwMDAwMDAwMDAwMH0sInNjaGVtYV92ZXJzaW9uIjoiMSJ9",
          "dependencies": [
            "data.google_client_config.default",
            "data.google_container_cluster.default"
          ]
        }
      ]
    },
    {
      "mode": "managed",
      "type": "kubernetes_ingress_v1",
      "name": "tenant_ingress",
      "provider": "provider[\"registry.terraform.io/hashicorp/kubernetes\"]",
      "instances": [
        {
          "schema_version": 0,
          "attributes": {
            "id": "football/football-ingress",
            "metadata": [
              {
                "annotations": {},
                "generate_name": "",
                "generation": 2,
                "labels": {},
                "name": "football-ingress",
                "namespace": "football",
                "resource_version": "6583909",
                "uid": "5807c75a-b62f-49c3-babb-676353764f73"
              }
            ],
            "spec": [
              {
                "default_backend": [],
                "ingress_class_name": "nginx",
                "rule": [
                  {
                    "host": "football.qreach.adamradvan.eu",
                    "http": [
                      {
                        "path": [
                          {
                            "backend": [
                              {
                                "resource": [],
                                "service": [
                                  {
                                    "name": "qr-cluster-service-football",
                                    "port": [
                                      {
                                        "name": "",
                                        "number": 8080
                                      }
                                    ]
                                  }
                                ]
                              }
                            ],
                            "path": "/secure/qr-code",
                            "path_type": "ImplementationSpecific"
                          },
                          {
                            "backend": [
                              {
                                "resource": [],
                                "service": [
                                  {
                                    "name": "his-cluster-service-football",
                                    "port": [
                                      {
                                        "name": "",
                                        "number": 8888
                                      }
                                    ]
                                  }
                                ]
                              }
                            ],
                            "path": "/secure/history",
                            "path_type": "ImplementationSpecific"
                          },
                          {
                            "backend": [
                              {
                                "resource": [],
                                "service": [
                                  {
                                    "name": "his-cluster-service-football",
                                    "port": [
                                      {
                                        "name": "",
                                        "number": 8888
                                      }
                                    ]
                                  }
                                ]
                              }
                            ],
                            "path": "/secure/history/*",
                            "path_type": "ImplementationSpecific"
                          }
                        ]
                      }
                    ]
                  },
                  {
                    "host": "football.qreach.adamradvan.eu",
                    "http": [
                      {
                        "path": [
                          {
                            "backend": [
                              {
                                "resource": [],
                                "service": [
                                  {
                                    "name": "front-service-from-football",
                                    "port": [
                                      {
                                        "name": "",
                                        "number": 80
                                      }
                                    ]
                                  }
                                ]
                              }
                            ],
                            "path": "/",
                            "path_type": "ImplementationSpecific"
                          },
                          {
                            "backend": [
                              {
                                "resource": [],
                                "service": [
                                  {
                                    "name": "auth-service-from-football",
                                    "port": [
                                      {
                                        "name": "",
                                        "number": 80
                                      }
                                    ]
                                  }
                                ]
                              }
                            ],
                            "path": "/login",
                            "path_type": "ImplementationSpecific"
                          }
                        ]
                      }
                    ]
                  }
                ],
                "tls": []
              }
            ],
            "status": [
              {
                "load_balancer": [
                  {
                    "ingress": [
                      {
                        "hostname": "",
                        "ip": "34.141.92.169"
                      }
                    ]
                  }
                ]
              }
            ],
            "timeouts": null,
            "wait_for_load_balancer": null
          },
          "sensitive_attributes": [],
          "private": "eyJlMmJmYjczMC1lY2FhLTExZTYtOGY4OC0zNDM2M2JjN2M0YzAiOnsiY3JlYXRlIjoxMjAwMDAwMDAwMDAwLCJkZWxldGUiOjEyMDAwMDAwMDAwMDB9fQ==",
          "dependencies": [
            "data.google_client_config.default",
            "data.google_container_cluster.default",
            "kubernetes_deployment.qrcode",
            "kubernetes_deployment.qrhistory",
            "kubernetes_service.qrcode",
            "kubernetes_service.qrhistory"
          ]
        }
      ]
    },
    {
      "mode": "managed",
      "type": "kubernetes_namespace",
      "name": "tenantx",
      "provider": "provider[\"registry.terraform.io/hashicorp/kubernetes\"]",
      "instances": [
        {
          "schema_version": 0,
          "attributes": {
            "id": "football",
            "metadata": [
              {
                "annotations": {
                  "name": "football"
                },
                "generate_name": "",
                "generation": 0,
                "labels": {
                  "namespace": "football"
                },
                "name": "football",
                "resource_version": "6580017",
                "uid": "5f0ca89e-8142-4806-acea-2c7fcb64dab4"
              }
            ],
            "timeouts": null
          },
          "sensitive_attributes": [],
          "private": "eyJlMmJmYjczMC1lY2FhLTExZTYtOGY4OC0zNDM2M2JjN2M0YzAiOnsiZGVsZXRlIjozMDAwMDAwMDAwMDB9fQ==",
          "dependencies": [
            "data.google_client_config.default",
            "data.google_container_cluster.default"
          ]
        }
      ]
    },
    {
      "mode": "managed",
      "type": "kubernetes_service",
      "name": "ext_auth",
      "provider": "provider[\"registry.terraform.io/hashicorp/kubernetes\"]",
      "instances": [
        {
          "schema_version": 1,
          "attributes": {
            "id": "football/auth-service-from-football",
            "metadata": [
              {
                "annotations": {},
                "generate_name": "",
                "generation": 0,
                "labels": {},
                "name": "auth-service-from-football",
                "namespace": "football",
                "resource_version": "6583904",
                "uid": "e98095e3-54b0-444e-88d1-cca78b10ccce"
              }
            ],
            "spec": [
              {
                "allocate_load_balancer_node_ports": true,
                "cluster_ip": "",
                "cluster_ips": [],
                "external_ips": [],
                "external_name": "auth-cluster-service.default.svc.cluster.local",
                "external_traffic_policy": "",
                "health_check_node_port": 0,
                "internal_traffic_policy": "",
                "ip_families": [],
                "ip_family_policy": "",
                "load_balancer_class": "",
                "load_balancer_ip": "",
                "load_balancer_source_ranges": [],
                "port": [
                  {
                    "app_protocol": "",
                    "name": "",
                    "node_port": 0,
                    "port": 80,
                    "protocol": "TCP",
                    "target_port": "80"
                  }
                ],
                "publish_not_ready_addresses": false,
                "selector": {},
                "session_affinity": "None",
                "session_affinity_config": [],
                "type": "ExternalName"
              }
            ],
            "status": [
              {
                "load_balancer": [
                  {
                    "ingress": []
                  }
                ]
              }
            ],
            "timeouts": null,
            "wait_for_load_balancer": true
          },
          "sensitive_attributes": [],
          "private": "eyJlMmJmYjczMC1lY2FhLTExZTYtOGY4OC0zNDM2M2JjN2M0YzAiOnsiY3JlYXRlIjo2MDAwMDAwMDAwMDB9LCJzY2hlbWFfdmVyc2lvbiI6IjEifQ==",
          "dependencies": [
            "data.google_client_config.default",
            "data.google_container_cluster.default"
          ]
        }
      ]
    },
    {
      "mode": "managed",
      "type": "kubernetes_service",
      "name": "ext_front",
      "provider": "provider[\"registry.terraform.io/hashicorp/kubernetes\"]",
      "instances": [
        {
          "schema_version": 1,
          "attributes": {
            "id": "football/front-service-from-football",
            "metadata": [
              {
                "annotations": {},
                "generate_name": "",
                "generation": 0,
                "labels": {},
                "name": "front-service-from-football",
                "namespace": "football",
                "resource_version": "6583907",
                "uid": "9f006be3-14f6-451b-9b48-342d8d178894"
              }
            ],
            "spec": [
              {
                "allocate_load_balancer_node_ports": true,
                "cluster_ip": "",
                "cluster_ips": [],
                "external_ips": [],
                "external_name": "front-cluster-service.default.svc.cluster.local",
                "external_traffic_policy": "",
                "health_check_node_port": 0,
                "internal_traffic_policy": "",
                "ip_families": [],
                "ip_family_policy": "",
                "load_balancer_class": "",
                "load_balancer_ip": "",
                "load_balancer_source_ranges": [],
                "port": [
                  {
                    "app_protocol": "",
                    "name": "",
                    "node_port": 0,
                    "port": 80,
                    "protocol": "TCP",
                    "target_port": "80"
                  }
                ],
                "publish_not_ready_addresses": false,
                "selector": {},
                "session_affinity": "None",
                "session_affinity_config": [],
                "type": "ExternalName"
              }
            ],
            "status": [
              {
                "load_balancer": [
                  {
                    "ingress": []
                  }
                ]
              }
            ],
            "timeouts": null,
            "wait_for_load_balancer": true
          },
          "sensitive_attributes": [],
          "private": "eyJlMmJmYjczMC1lY2FhLTExZTYtOGY4OC0zNDM2M2JjN2M0YzAiOnsiY3JlYXRlIjo2MDAwMDAwMDAwMDB9LCJzY2hlbWFfdmVyc2lvbiI6IjEifQ==",
          "dependencies": [
            "data.google_client_config.default",
            "data.google_container_cluster.default"
          ]
        }
      ]
    },
    {
      "mode": "managed",
      "type": "kubernetes_service",
      "name": "qrcode",
      "provider": "provider[\"registry.terraform.io/hashicorp/kubernetes\"]",
      "instances": [
        {
          "schema_version": 1,
          "attributes": {
            "id": "football/qr-cluster-service-football",
            "metadata": [
              {
                "annotations": {},
                "generate_name": "",
                "generation": 0,
                "labels": {
                  "app": "qrcode",
                  "maintained_by": "terraform",
                  "type": "qrcode-generator-football"
                },
                "name": "qr-cluster-service-football",
                "namespace": "football",
                "resource_version": "6583906",
                "uid": "e8f374c1-f64b-4581-b393-c919f2d9ab33"
              }
            ],
            "spec": [
              {
                "allocate_load_balancer_node_ports": true,
                "cluster_ip": "10.28.14.83",
                "cluster_ips": [
                  "10.28.14.83"
                ],
                "external_ips": [],
                "external_name": "",
                "external_traffic_policy": "",
                "health_check_node_port": 0,
                "internal_traffic_policy": "Cluster",
                "ip_families": [
                  "IPv4"
                ],
                "ip_family_policy": "SingleStack",
                "load_balancer_class": "",
                "load_balancer_ip": "",
                "load_balancer_source_ranges": [],
                "port": [
                  {
                    "app_protocol": "",
                    "name": "",
                    "node_port": 0,
                    "port": 80,
                    "protocol": "TCP",
                    "target_port": "8080"
                  }
                ],
                "publish_not_ready_addresses": false,
                "selector": {
                  "app": "qrcode",
                  "maintained_by": "terraform",
                  "type": "qrcode-generator-football"
                },
                "session_affinity": "None",
                "session_affinity_config": [],
                "type": "ClusterIP"
              }
            ],
            "status": [
              {
                "load_balancer": [
                  {
                    "ingress": []
                  }
                ]
              }
            ],
            "timeouts": null,
            "wait_for_load_balancer": true
          },
          "sensitive_attributes": [],
          "private": "eyJlMmJmYjczMC1lY2FhLTExZTYtOGY4OC0zNDM2M2JjN2M0YzAiOnsiY3JlYXRlIjo2MDAwMDAwMDAwMDB9LCJzY2hlbWFfdmVyc2lvbiI6IjEifQ==",
          "dependencies": [
            "data.google_client_config.default",
            "data.google_container_cluster.default",
            "kubernetes_deployment.qrcode"
          ]
        }
      ]
    },
    {
      "mode": "managed",
      "type": "kubernetes_service",
      "name": "qrhistory",
      "provider": "provider[\"registry.terraform.io/hashicorp/kubernetes\"]",
      "instances": [
        {
          "schema_version": 1,
          "attributes": {
            "id": "football/his-cluster-service-football",
            "metadata": [
              {
                "annotations": {},
                "generate_name": "",
                "generation": 0,
                "labels": {
                  "app": "qrhistory",
                  "maintained_by": "terraform",
                  "type": "qrcode-history-football"
                },
                "name": "his-cluster-service-football",
                "namespace": "football",
                "resource_version": "6583905",
                "uid": "1fbf2302-444f-468b-b02f-7679d99cacce"
              }
            ],
            "spec": [
              {
                "allocate_load_balancer_node_ports": true,
                "cluster_ip": "10.28.15.5",
                "cluster_ips": [
                  "10.28.15.5"
                ],
                "external_ips": [],
                "external_name": "",
                "external_traffic_policy": "",
                "health_check_node_port": 0,
                "internal_traffic_policy": "Cluster",
                "ip_families": [
                  "IPv4"
                ],
                "ip_family_policy": "SingleStack",
                "load_balancer_class": "",
                "load_balancer_ip": "",
                "load_balancer_source_ranges": [],
                "port": [
                  {
                    "app_protocol": "",
                    "name": "",
                    "node_port": 0,
                    "port": 80,
                    "protocol": "TCP",
                    "target_port": "8888"
                  }
                ],
                "publish_not_ready_addresses": false,
                "selector": {
                  "app": "qrhistory",
                  "maintained_by": "terraform",
                  "type": "qrcode-history-football"
                },
                "session_affinity": "None",
                "session_affinity_config": [],
                "type": "ClusterIP"
              }
            ],
            "status": [
              {
                "load_balancer": [
                  {
                    "ingress": []
                  }
                ]
              }
            ],
            "timeouts": null,
            "wait_for_load_balancer": true
          },
          "sensitive_attributes": [],
          "private": "eyJlMmJmYjczMC1lY2FhLTExZTYtOGY4OC0zNDM2M2JjN2M0YzAiOnsiY3JlYXRlIjo2MDAwMDAwMDAwMDB9LCJzY2hlbWFfdmVyc2lvbiI6IjEifQ==",
          "dependencies": [
            "data.google_client_config.default",
            "data.google_container_cluster.default",
            "kubernetes_deployment.qrhistory"
          ]
        }
      ]
    }
  ],
  "check_results": null
}
